// !$*UTF8*$!
{
	archiveVersion = 1;
	classes = {
	};
	objectVersion = 46;
	objects = {

/* Begin PBXBuildFile section */
		D985BBB41CF8FA6300CEE12E /* AppDelegate.swift in Sources */ = {isa = PBXBuildFile; fileRef = D985BBB31CF8FA6300CEE12E /* AppDelegate.swift */; };
		D985BBBB1CF8FA6300CEE12E /* Assets.xcassets in Resources */ = {isa = PBXBuildFile; fileRef = D985BBBA1CF8FA6300CEE12E /* Assets.xcassets */; };
		D985BBBE1CF8FA6300CEE12E /* LaunchScreen.storyboard in Resources */ = {isa = PBXBuildFile; fileRef = D985BBBC1CF8FA6300CEE12E /* LaunchScreen.storyboard */; };
		D985BBCD1CF8FF8B00CEE12E /* TechCompaniesListViewController.swift in Sources */ = {isa = PBXBuildFile; fileRef = D985BBCC1CF8FF8B00CEE12E /* TechCompaniesListViewController.swift */; };
		D985BBCF1CF9026200CEE12E /* Entity.swift in Sources */ = {isa = PBXBuildFile; fileRef = D985BBCE1CF9026200CEE12E /* Entity.swift */; };
		D985BBD11CF902E900CEE12E /* EntitiesHelper.swift in Sources */ = {isa = PBXBuildFile; fileRef = D985BBD01CF902E900CEE12E /* EntitiesHelper.swift */; };
		D985BBD31CF904C200CEE12E /* TechCompanyDeteailViewController.swift in Sources */ = {isa = PBXBuildFile; fileRef = D985BBD21CF904C200CEE12E /* TechCompanyDeteailViewController.swift */; };
		D9D4C8871D08EC2100B9BDF9 /* Storyboard.storyboard in Resources */ = {isa = PBXBuildFile; fileRef = D9D4C8861D08EC2100B9BDF9 /* Storyboard.storyboard */; };
/* End PBXBuildFile section */

/* Begin PBXFileReference section */
		D985BBB01CF8FA6300CEE12E /* TechCompanies.app */ = {isa = PBXFileReference; explicitFileType = wrapper.application; includeInIndex = 0; path = TechCompanies.app; sourceTree = BUILT_PRODUCTS_DIR; };
		D985BBB31CF8FA6300CEE12E /* AppDelegate.swift */ = {isa = PBXFileReference; lastKnownFileType = sourcecode.swift; path = AppDelegate.swift; sourceTree = "<group>"; };
		D985BBBA1CF8FA6300CEE12E /* Assets.xcassets */ = {isa = PBXFileReference; lastKnownFileType = folder.assetcatalog; path = Assets.xcassets; sourceTree = "<group>"; };
		D985BBBD1CF8FA6300CEE12E /* Base */ = {isa = PBXFileReference; lastKnownFileType = file.storyboard; name = Base; path = Base.lproj/LaunchScreen.storyboard; sourceTree = "<group>"; };
		D985BBBF1CF8FA6300CEE12E /* Info.plist */ = {isa = PBXFileReference; lastKnownFileType = text.plist.xml; path = Info.plist; sourceTree = "<group>"; };
		D985BBCC1CF8FF8B00CEE12E /* TechCompaniesListViewController.swift */ = {isa = PBXFileReference; fileEncoding = 4; lastKnownFileType = sourcecode.swift; path = TechCompaniesListViewController.swift; sourceTree = "<group>"; };
		D985BBCE1CF9026200CEE12E /* Entity.swift */ = {isa = PBXFileReference; fileEncoding = 4; lastKnownFileType = sourcecode.swift; path = Entity.swift; sourceTree = "<group>"; };
		D985BBD01CF902E900CEE12E /* EntitiesHelper.swift */ = {isa = PBXFileReference; fileEncoding = 4; lastKnownFileType = sourcecode.swift; path = EntitiesHelper.swift; sourceTree = "<group>"; };
		D985BBD21CF904C200CEE12E /* TechCompanyDeteailViewController.swift */ = {isa = PBXFileReference; fileEncoding = 4; lastKnownFileType = sourcecode.swift; path = TechCompanyDeteailViewController.swift; sourceTree = "<group>"; };
		D9D4C8861D08EC2100B9BDF9 /* Storyboard.storyboard */ = {isa = PBXFileReference; fileEncoding = 4; lastKnownFileType = file.storyboard; path = Storyboard.storyboard; sourceTree = "<group>"; };
/* End PBXFileReference section */

/* Begin PBXFrameworksBuildPhase section */
		D985BBAD1CF8FA6300CEE12E /* Frameworks */ = {
			isa = PBXFrameworksBuildPhase;
			buildActionMask = 2147483647;
			files = (
			);
			runOnlyForDeploymentPostprocessing = 0;
		};
/* End PBXFrameworksBuildPhase section */

/* Begin PBXGroup section */
		D985BBA71CF8FA6300CEE12E = {
			isa = PBXGroup;
			children = (
				D985BBB21CF8FA6300CEE12E /* TechCompanies */,
				D985BBB11CF8FA6300CEE12E /* Products */,
			);
			sourceTree = "<group>";
		};
		D985BBB11CF8FA6300CEE12E /* Products */ = {
			isa = PBXGroup;
			children = (
				D985BBB01CF8FA6300CEE12E /* TechCompanies.app */,
			);
			name = Products;
			sourceTree = "<group>";
		};
		D985BBB21CF8FA6300CEE12E /* TechCompanies */ = {
			isa = PBXGroup;
			children = (
				D985BBCB1CF8FE2400CEE12E /* Views */,
				D985BBCA1CF8FDF100CEE12E /* ViewControllers */,
				D985BBC91CF8FDDD00CEE12E /* Models */,
				D985BBB31CF8FA6300CEE12E /* AppDelegate.swift */,
				D985BBBA1CF8FA6300CEE12E /* Assets.xcassets */,
				D985BBBC1CF8FA6300CEE12E /* LaunchScreen.storyboard */,
				D985BBBF1CF8FA6300CEE12E /* Info.plist */,
			);
			path = TechCompanies;
			sourceTree = "<group>";
		};
		D985BBC91CF8FDDD00CEE12E /* Models */ = {
			isa = PBXGroup;
			children = (
				D985BBCE1CF9026200CEE12E /* Entity.swift */,
				D985BBD01CF902E900CEE12E /* EntitiesHelper.swift */,
			);
			name = Models;
			sourceTree = "<group>";
		};
		D985BBCA1CF8FDF100CEE12E /* ViewControllers */ = {
			isa = PBXGroup;
			children = (
				D985BBCC1CF8FF8B00CEE12E /* TechCompaniesListViewController.swift */,
				D985BBD21CF904C200CEE12E /* TechCompanyDeteailViewController.swift */,
			);
			name = ViewControllers;
			sourceTree = "<group>";
		};
		D985BBCB1CF8FE2400CEE12E /* Views */ = {
			isa = PBXGroup;
			children = (
				D9D4C8861D08EC2100B9BDF9 /* Storyboard.storyboard */,
			);
			name = Views;
			sourceTree = "<group>";
		};
/* End PBXGroup section */

/* Begin PBXNativeTarget section */
		D985BBAF1CF8FA6300CEE12E /* TechCompanies */ = {
			isa = PBXNativeTarget;
			buildConfigurationList = D985BBC21CF8FA6300CEE12E /* Build configuration list for PBXNativeTarget "TechCompanies" */;
			buildPhases = (
				D985BBAC1CF8FA6300CEE12E /* Sources */,
				D985BBAD1CF8FA6300CEE12E /* Frameworks */,
				D985BBAE1CF8FA6300CEE12E /* Resources */,
			);
			buildRules = (
			);
			dependencies = (
			);
			name = TechCompanies;
			productName = TechCompanies;
			productReference = D985BBB01CF8FA6300CEE12E /* TechCompanies.app */;
			productType = "com.apple.product-type.application";
		};
/* End PBXNativeTarget section */

/* Begin PBXProject section */
		D985BBA81CF8FA6300CEE12E /* Project object */ = {
			isa = PBXProject;
			attributes = {
				LastSwiftUpdateCheck = 0730;
				LastUpgradeCheck = 0730;
				ORGANIZATIONNAME = "Kristine Bredemeier";
				TargetAttributes = {
					D985BBAF1CF8FA6300CEE12E = {
						CreatedOnToolsVersion = 7.3.1;
						DevelopmentTeam = 89T434C57K;
					};
				};
			};
			buildConfigurationList = D985BBAB1CF8FA6300CEE12E /* Build configuration list for PBXProject "TechCompanies" */;
			compatibilityVersion = "Xcode 3.2";
			developmentRegion = English;
			hasScannedForEncodings = 0;
			knownRegions = (
				en,
				Base,
			);
			mainGroup = D985BBA71CF8FA6300CEE12E;
			productRefGroup = D985BBB11CF8FA6300CEE12E /* Products */;
			projectDirPath = "";
			projectRoot = "";
			targets = (
				D985BBAF1CF8FA6300CEE12E /* TechCompanies */,
			);
		};
/* End PBXProject section */

/* Begin PBXResourcesBuildPhase section */
		D985BBAE1CF8FA6300CEE12E /* Resources */ = {
			isa = PBXResourcesBuildPhase;
			buildActionMask = 2147483647;
			files = (
				D985BBBE1CF8FA6300CEE12E /* LaunchScreen.storyboard in Resources */,
				D985BBBB1CF8FA6300CEE12E /* Assets.xcassets in Resources */,
				D9D4C8871D08EC2100B9BDF9 /* Storyboard.storyboard in Resources */,
			);
			runOnlyForDeploymentPostprocessing = 0;
		};
/* End PBXResourcesBuildPhase section */

/* Begin PBXSourcesBuildPhase section */
		D985BBAC1CF8FA6300CEE12E /* Sources */ = {
			isa = PBXSourcesBuildPhase;
			buildActionMask = 2147483647;
			files = (
				D985BBB41CF8FA6300CEE12E /* AppDelegate.swift in Sources */,
				D985BBD11CF902E900CEE12E /* EntitiesHelper.swift in Sources */,
				D985BBCF1CF9026200CEE12E /* Entity.swift in Sources */,
				D985BBCD1CF8FF8B00CEE12E /* TechCompaniesListViewController.swift in Sources */,
				D985BBD31CF904C200CEE12E /* TechCompanyDeteailViewController.swift in Sources */,
			);
			runOnlyForDeploymentPostprocessing = 0;
		};
/* End PBXSourcesBuildPhase section */

/* Begin PBXVariantGroup section */
		D985BBBC1CF8FA6300CEE12E /* LaunchScreen.storyboard */ = {
			isa = PBXVariantGroup;
			children = (
				D985BBBD1CF8FA6300CEE12E /* Base */,
			);
			name = LaunchScreen.storyboard;
			sourceTree = "<group>";
		};
/* End PBXVariantGroup section */

/* Begin XCBuildConfiguration section */
		D985BBC01CF8FA6300CEE12E /* Debug */ = {
			isa = XCBuildConfiguration;
			buildSettings = {
				ALWAYS_SEARCH_USER_PATHS = NO;
				CLANG_ANALYZER_NONNULL = YES;
				CLANG_CXX_LANGUAGE_STANDARD = "gnu++0x";
				CLANG_CXX_LIBRARY = "libc++";
				CLANG_ENABLE_MODULES = YES;
				CLANG_ENABLE_OBJC_ARC = YES;
				CLANG_WARN_BOOL_CONVERSION = YES;
				CLANG_WARN_CONSTANT_CONVERSION = YES;
				CLANG_WARN_DIRECT_OBJC_ISA_USAGE = YES_ERROR;
				CLANG_WARN_EMPTY_BODY = YES;
				CLANG_WARN_ENUM_CONVERSION = YES;
				CLANG_WARN_INT_CONVERSION = YES;
				CLANG_WARN_OBJC_ROOT_CLASS = YES_ERROR;
				CLANG_WARN_UNREACHABLE_CODE = YES;
				CLANG_WARN__DUPLICATE_METHOD_MATCH = YES;
				"CODE_SIGN_IDENTITY[sdk=iphoneos*]" = "iPhone Developer";
				COPY_PHASE_STRIP = NO;
				DEBUG_INFORMATION_FORMAT = dwarf;
				ENABLE_STRICT_OBJC_MSGSEND = YES;
				ENABLE_TESTABILITY = YES;
				GCC_C_LANGUAGE_STANDARD = gnu99;
				GCC_DYNAMIC_NO_PIC = NO;
				GCC_NO_COMMON_BLOCKS = YES;
				GCC_OPTIMIZATION_LEVEL = 0;
				GCC_PREPROCESSOR_DEFINITIONS = (
					"DEBUG=1",
					"$(inherited)",
				);
				GCC_WARN_64_TO_32_BIT_CONVERSION = YES;
				GCC_WARN_ABOUT_RETURN_TYPE = YES_ERROR;
				GCC_WARN_UNDECLARED_SELECTOR = YES;
				GCC_WARN_UNINITIALIZED_AUTOS = YES_AGGRESSIVE;
				GCC_WARN_UNUSED_FUNCTION = YES;
				GCC_WARN_UNUSED_VARIABLE = YES;
				IPHONEOS_DEPLOYMENT_TARGET = 9.3;
				MTL_ENABLE_DEBUG_INFO = YES;
				ONLY_ACTIVE_ARCH = YES;
				SDKROOT = iphoneos;
				SWIFT_OPTIMIZATION_LEVEL = "-Onone";
			};
			name = Debug;
		};
		D985BBC11CF8FA6300CEE12E /* Release */ = {
			isa = XCBuildConfiguration;
			buildSettings = {
				ALWAYS_SEARCH_USER_PATHS = NO;
				CLANG_ANALYZER_NONNULL = YES;
				CLANG_CXX_LANGUAGE_STANDARD = "gnu++0x";
				CLANG_CXX_LIBRARY = "libc++";
				CLANG_ENABLE_MODULES = YES;
				CLANG_ENABLE_OBJC_ARC = YES;
				CLANG_WARN_BOOL_CONVERSION = YES;
				CLANG_WARN_CONSTANT_CONVERSION = YES;
				CLANG_WARN_DIRECT_OBJC_ISA_USAGE = YES_ERROR;
				CLANG_WARN_EMPTY_BODY = YES;
				CLANG_WARN_ENUM_CONVERSION = YES;
				CLANG_WARN_INT_CONVERSION = YES;
				CLANG_WARN_OBJC_ROOT_CLASS = YES_ERROR;
				CLANG_WARN_UNREACHABLE_CODE = YES;
				CLANG_WARN__DUPLICATE_METHOD_MATCH = YES;
				"CODE_SIGN_IDENTITY[sdk=iphoneos*]" = "iPhone Developer";
				COPY_PHASE_STRIP = NO;
				DEBUG_INFORMATION_FORMAT = "dwarf-with-dsym";
				ENABLE_NS_ASSERTIONS = NO;
				ENABLE_STRICT_OBJC_MSGSEND = YES;
				GCC_C_LANGUAGE_STANDARD = gnu99;
				GCC_NO_COMMON_BLOCKS = YES;
				GCC_WARN_64_TO_32_BIT_CONVERSION = YES;
				GCC_WARN_ABOUT_RETURN_TYPE = YES_ERROR;
				GCC_WARN_UNDECLARED_SELECTOR = YES;
				GCC_WARN_UNINITIALIZED_AUTOS = YES_AGGRESSIVE;
				GCC_WARN_UNUSED_FUNCTION = YES;
				GCC_WARN_UNUSED_VARIABLE = YES;
				IPHONEOS_DEPLOYMENT_TARGET = 9.3;
				MTL_ENABLE_DEBUG_INFO = NO;
				SDKROOT = iphoneos;
				VALIDATE_PRODUCT = YES;
			};
			name = Release;
		};
		D985BBC31CF8FA6300CEE12E /* Debug */ = {
			isa = XCBuildConfiguration;
			buildSettings = {
				ASSETCATALOG_COMPILER_APPICON_NAME = AppIcon;
				INFOPLIST_FILE = TechCompanies/Info.plist;
				LD_RUNPATH_SEARCH_PATHS = "$(inherited) @executable_path/Frameworks";
				PRODUCT_BUNDLE_IDENTIFIER = krizby.TechCompanies;
				PRODUCT_NAME = "$(TARGET_NAME)";
			};
			name = Debug;
		};
		D985BBC41CF8FA6300CEE12E /* Release */ = {
			isa = XCBuildConfiguration;
			buildSettings = {
				ASSETCATALOG_COMPILER_APPICON_NAME = AppIcon;
				INFOPLIST_FILE = TechCompanies/Info.plist;
				LD_RUNPATH_SEARCH_PATHS = "$(inherited) @executable_path/Frameworks";
				PRODUCT_BUNDLE_IDENTIFIER = krizby.TechCompanies;
				PRODUCT_NAME = "$(TARGET_NAME)";
			};
			name = Release;
		};
/* End XCBuildConfiguration section */

/* Begin XCConfigurationList section */
		D985BBAB1CF8FA6300CEE12E /* Build configuration list for PBXProject "TechCompanies" */ = {
			isa = XCConfigurationList;
			buildConfigurations = (
				D985BBC01CF8FA6300CEE12E /* Debug */,
				D985BBC11CF8FA6300CEE12E /* Release */,
			);
			defaultConfigurationIsVisible = 0;
			defaultConfigurationName = Release;
		};
		D985BBC21CF8FA6300CEE12E /* Build configuration list for PBXNativeTarget "TechCompanies" */ = {
			isa = XCConfigurationList;
			buildConfigurations = (
				D985BBC31CF8FA6300CEE12E /* Debug */,
				D985BBC41CF8FA6300CEE12E /* Release */,
			);
			defaultConfigurationIsVisible = 0;
			defaultConfigurationName = Release;
		};
/* End XCConfigurationList section */
	};
	rootObject = D985BBA81CF8FA6300CEE12E /* Project object */;
}
