// !$*UTF8*$!
{
	archiveVersion = 1;
	classes = {
	};
	objectVersion = 46;
	objects = {

/* Begin PBXBuildFile section */
		D9D2C3631CF60D4A00022FAA /* AppDelegate.swift in Sources */ = {isa = PBXBuildFile; fileRef = D9D2C3621CF60D4A00022FAA /* AppDelegate.swift */; };
		D9D2C3651CF60D4A00022FAA /* ViewController.swift in Sources */ = {isa = PBXBuildFile; fileRef = D9D2C3641CF60D4A00022FAA /* ViewController.swift */; };
		D9D2C3681CF60D4A00022FAA /* Main.storyboard in Resources */ = {isa = PBXBuildFile; fileRef = D9D2C3661CF60D4A00022FAA /* Main.storyboard */; };
		D9D2C36A1CF60D4A00022FAA /* Assets.xcassets in Resources */ = {isa = PBXBuildFile; fileRef = D9D2C3691CF60D4A00022FAA /* Assets.xcassets */; };
		D9D2C36D1CF60D4A00022FAA /* LaunchScreen.storyboard in Resources */ = {isa = PBXBuildFile; fileRef = D9D2C36B1CF60D4A00022FAA /* LaunchScreen.storyboard */; };
/* End PBXBuildFile section */

/* Begin PBXFileReference section */
		D9D2C35F1CF60D4A00022FAA /* Tapper.app */ = {isa = PBXFileReference; explicitFileType = wrapper.application; includeInIndex = 0; path = Tapper.app; sourceTree = BUILT_PRODUCTS_DIR; };
		D9D2C3621CF60D4A00022FAA /* AppDelegate.swift */ = {isa = PBXFileReference; lastKnownFileType = sourcecode.swift; path = AppDelegate.swift; sourceTree = "<group>"; };
		D9D2C3641CF60D4A00022FAA /* ViewController.swift */ = {isa = PBXFileReference; lastKnownFileType = sourcecode.swift; path = ViewController.swift; sourceTree = "<group>"; };
		D9D2C3671CF60D4A00022FAA /* Base */ = {isa = PBXFileReference; lastKnownFileType = file.storyboard; name = Base; path = Base.lproj/Main.storyboard; sourceTree = "<group>"; };
		D9D2C3691CF60D4A00022FAA /* Assets.xcassets */ = {isa = PBXFileReference; lastKnownFileType = folder.assetcatalog; path = Assets.xcassets; sourceTree = "<group>"; };
		D9D2C36C1CF60D4A00022FAA /* Base */ = {isa = PBXFileReference; lastKnownFileType = file.storyboard; name = Base; path = Base.lproj/LaunchScreen.storyboard; sourceTree = "<group>"; };
		D9D2C36E1CF60D4A00022FAA /* Info.plist */ = {isa = PBXFileReference; lastKnownFileType = text.plist.xml; path = Info.plist; sourceTree = "<group>"; };
/* End PBXFileReference section */

/* Begin PBXFrameworksBuildPhase section */
		D9D2C35C1CF60D4A00022FAA /* Frameworks */ = {
			isa = PBXFrameworksBuildPhase;
			buildActionMask = 2147483647;
			files = (
			);
			runOnlyForDeploymentPostprocessing = 0;
		};
/* End PBXFrameworksBuildPhase section */

/* Begin PBXGroup section */
		D9D2C3561CF60D4A00022FAA = {
			isa = PBXGroup;
			children = (
				D9D2C3611CF60D4A00022FAA /* Tapper */,
				D9D2C3601CF60D4A00022FAA /* Products */,
			);
			sourceTree = "<group>";
		};
		D9D2C3601CF60D4A00022FAA /* Products */ = {
			isa = PBXGroup;
			children = (
				D9D2C35F1CF60D4A00022FAA /* Tapper.app */,
			);
			name = Products;
			sourceTree = "<group>";
		};
		D9D2C3611CF60D4A00022FAA /* Tapper */ = {
			isa = PBXGroup;
			children = (
				D9D2C3621CF60D4A00022FAA /* AppDelegate.swift */,
				D9D2C3641CF60D4A00022FAA /* ViewController.swift */,
				D9D2C3661CF60D4A00022FAA /* Main.storyboard */,
				D9D2C3691CF60D4A00022FAA /* Assets.xcassets */,
				D9D2C36B1CF60D4A00022FAA /* LaunchScreen.storyboard */,
				D9D2C36E1CF60D4A00022FAA /* Info.plist */,
			);
			path = Tapper;
			sourceTree = "<group>";
		};
/* End PBXGroup section */

/* Begin PBXNativeTarget section */
		D9D2C35E1CF60D4A00022FAA /* Tapper */ = {
			isa = PBXNativeTarget;
			buildConfigurationList = D9D2C3711CF60D4A00022FAA /* Build configuration list for PBXNativeTarget "Tapper" */;
			buildPhases = (
				D9D2C35B1CF60D4A00022FAA /* Sources */,
				D9D2C35C1CF60D4A00022FAA /* Frameworks */,
				D9D2C35D1CF60D4A00022FAA /* Resources */,
			);
			buildRules = (
			);
			dependencies = (
			);
			name = Tapper;
			productName = Tapper;
			productReference = D9D2C35F1CF60D4A00022FAA /* Tapper.app */;
			productType = "com.apple.product-type.application";
		};
/* End PBXNativeTarget section */

/* Begin PBXProject section */
		D9D2C3571CF60D4A00022FAA /* Project object */ = {
			isa = PBXProject;
			attributes = {
				LastSwiftUpdateCheck = 0730;
				LastUpgradeCheck = 0730;
				ORGANIZATIONNAME = "Kristine Bredemeier";
				TargetAttributes = {
					D9D2C35E1CF60D4A00022FAA = {
						CreatedOnToolsVersion = 7.3.1;
					};
				};
			};
			buildConfigurationList = D9D2C35A1CF60D4A00022FAA /* Build configuration list for PBXProject "Tapper" */;
			compatibilityVersion = "Xcode 3.2";
			developmentRegion = English;
			hasScannedForEncodings = 0;
			knownRegions = (
				en,
				Base,
			);
			mainGroup = D9D2C3561CF60D4A00022FAA;
			productRefGroup = D9D2C3601CF60D4A00022FAA /* Products */;
			projectDirPath = "";
			projectRoot = "";
			targets = (
				D9D2C35E1CF60D4A00022FAA /* Tapper */,
			);
		};
/* End PBXProject section */

/* Begin PBXResourcesBuildPhase section */
		D9D2C35D1CF60D4A00022FAA /* Resources */ = {
			isa = PBXResourcesBuildPhase;
			buildActionMask = 2147483647;
			files = (
				D9D2C36D1CF60D4A00022FAA /* LaunchScreen.storyboard in Resources */,
				D9D2C36A1CF60D4A00022FAA /* Assets.xcassets in Resources */,
				D9D2C3681CF60D4A00022FAA /* Main.storyboard in Resources */,
			);
			runOnlyForDeploymentPostprocessing = 0;
		};
/* End PBXResourcesBuildPhase section */

/* Begin PBXSourcesBuildPhase section */
		D9D2C35B1CF60D4A00022FAA /* Sources */ = {
			isa = PBXSourcesBuildPhase;
			buildActionMask = 2147483647;
			files = (
				D9D2C3651CF60D4A00022FAA /* ViewController.swift in Sources */,
				D9D2C3631CF60D4A00022FAA /* AppDelegate.swift in Sources */,
			);
			runOnlyForDeploymentPostprocessing = 0;
		};
/* End PBXSourcesBuildPhase section */

/* Begin PBXVariantGroup section */
		D9D2C3661CF60D4A00022FAA /* Main.storyboard */ = {
			isa = PBXVariantGroup;
			children = (
				D9D2C3671CF60D4A00022FAA /* Base */,
			);
			name = Main.storyboard;
			sourceTree = "<group>";
		};
		D9D2C36B1CF60D4A00022FAA /* LaunchScreen.storyboard */ = {
			isa = PBXVariantGroup;
			children = (
				D9D2C36C1CF60D4A00022FAA /* Base */,
			);
			name = LaunchScreen.storyboard;
			sourceTree = "<group>";
		};
/* End PBXVariantGroup section */

/* Begin XCBuildConfiguration section */
		D9D2C36F1CF60D4A00022FAA /* Debug */ = {
			isa = XCBuildConfiguration;
			buildSettings = {
				ALWAYS_SEARCH_USER_PATHS = NO;
				CLANG_ANALYZER_NONNULL = YES;
				CLANG_CXX_LANGUAGE_STANDARD = "gnu++0x";
				CLANG_CXX_LIBRARY = "libc++";
				CLANG_ENABLE_MODULES = YES;
				CLANG_ENABLE_OBJC_ARC = YES;
				CLANG_WARN_BOOL_CONVERSION = YES;
				CLANG_WARN_CONSTANT_CONVERSION = YES;
				CLANG_WARN_DIRECT_OBJC_ISA_USAGE = YES_ERROR;
				CLANG_WARN_EMPTY_BODY = YES;
				CLANG_WARN_ENUM_CONVERSION = YES;
				CLANG_WARN_INT_CONVERSION = YES;
				CLANG_WARN_OBJC_ROOT_CLASS = YES_ERROR;
				CLANG_WARN_UNREACHABLE_CODE = YES;
				CLANG_WARN__DUPLICATE_METHOD_MATCH = YES;
				"CODE_SIGN_IDENTITY[sdk=iphoneos*]" = "iPhone Developer";
				COPY_PHASE_STRIP = NO;
				DEBUG_INFORMATION_FORMAT = dwarf;
				ENABLE_STRICT_OBJC_MSGSEND = YES;
				ENABLE_TESTABILITY = YES;
				GCC_C_LANGUAGE_STANDARD = gnu99;
				GCC_DYNAMIC_NO_PIC = NO;
				GCC_NO_COMMON_BLOCKS = YES;
				GCC_OPTIMIZATION_LEVEL = 0;
				GCC_PREPROCESSOR_DEFINITIONS = (
					"DEBUG=1",
					"$(inherited)",
				);
				GCC_WARN_64_TO_32_BIT_CONVERSION = YES;
				GCC_WARN_ABOUT_RETURN_TYPE = YES_ERROR;
				GCC_WARN_UNDECLARED_SELECTOR = YES;
				GCC_WARN_UNINITIALIZED_AUTOS = YES_AGGRESSIVE;
				GCC_WARN_UNUSED_FUNCTION = YES;
				GCC_WARN_UNUSED_VARIABLE = YES;
				IPHONEOS_DEPLOYMENT_TARGET = 9.3;
				MTL_ENABLE_DEBUG_INFO = YES;
				ONLY_ACTIVE_ARCH = YES;
				SDKROOT = iphoneos;
				SWIFT_OPTIMIZATION_LEVEL = "-Onone";
			};
			name = Debug;
		};
		D9D2C3701CF60D4A00022FAA /* Release */ = {
			isa = XCBuildConfiguration;
			buildSettings = {
				ALWAYS_SEARCH_USER_PATHS = NO;
				CLANG_ANALYZER_NONNULL = YES;
				CLANG_CXX_LANGUAGE_STANDARD = "gnu++0x";
				CLANG_CXX_LIBRARY = "libc++";
				CLANG_ENABLE_MODULES = YES;
				CLANG_ENABLE_OBJC_ARC = YES;
				CLANG_WARN_BOOL_CONVERSION = YES;
				CLANG_WARN_CONSTANT_CONVERSION = YES;
				CLANG_WARN_DIRECT_OBJC_ISA_USAGE = YES_ERROR;
				CLANG_WARN_EMPTY_BODY = YES;
				CLANG_WARN_ENUM_CONVERSION = YES;
				CLANG_WARN_INT_CONVERSION = YES;
				CLANG_WARN_OBJC_ROOT_CLASS = YES_ERROR;
				CLANG_WARN_UNREACHABLE_CODE = YES;
				CLANG_WARN__DUPLICATE_METHOD_MATCH = YES;
				"CODE_SIGN_IDENTITY[sdk=iphoneos*]" = "iPhone Developer";
				COPY_PHASE_STRIP = NO;
				DEBUG_INFORMATION_FORMAT = "dwarf-with-dsym";
				ENABLE_NS_ASSERTIONS = NO;
				ENABLE_STRICT_OBJC_MSGSEND = YES;
				GCC_C_LANGUAGE_STANDARD = gnu99;
				GCC_NO_COMMON_BLOCKS = YES;
				GCC_WARN_64_TO_32_BIT_CONVERSION = YES;
				GCC_WARN_ABOUT_RETURN_TYPE = YES_ERROR;
				GCC_WARN_UNDECLARED_SELECTOR = YES;
				GCC_WARN_UNINITIALIZED_AUTOS = YES_AGGRESSIVE;
				GCC_WARN_UNUSED_FUNCTION = YES;
				GCC_WARN_UNUSED_VARIABLE = YES;
				IPHONEOS_DEPLOYMENT_TARGET = 9.3;
				MTL_ENABLE_DEBUG_INFO = NO;
				SDKROOT = iphoneos;
				VALIDATE_PRODUCT = YES;
			};
			name = Release;
		};
		D9D2C3721CF60D4A00022FAA /* Debug */ = {
			isa = XCBuildConfiguration;
			buildSettings = {
				ASSETCATALOG_COMPILER_APPICON_NAME = AppIcon;
				INFOPLIST_FILE = Tapper/Info.plist;
				LD_RUNPATH_SEARCH_PATHS = "$(inherited) @executable_path/Frameworks";
				PRODUCT_BUNDLE_IDENTIFIER = krizby.Tapper;
				PRODUCT_NAME = "$(TARGET_NAME)";
			};
			name = Debug;
		};
		D9D2C3731CF60D4A00022FAA /* Release */ = {
			isa = XCBuildConfiguration;
			buildSettings = {
				ASSETCATALOG_COMPILER_APPICON_NAME = AppIcon;
				INFOPLIST_FILE = Tapper/Info.plist;
				LD_RUNPATH_SEARCH_PATHS = "$(inherited) @executable_path/Frameworks";
				PRODUCT_BUNDLE_IDENTIFIER = krizby.Tapper;
				PRODUCT_NAME = "$(TARGET_NAME)";
			};
			name = Release;
		};
/* End XCBuildConfiguration section */

/* Begin XCConfigurationList section */
		D9D2C35A1CF60D4A00022FAA /* Build configuration list for PBXProject "Tapper" */ = {
			isa = XCConfigurationList;
			buildConfigurations = (
				D9D2C36F1CF60D4A00022FAA /* Debug */,
				D9D2C3701CF60D4A00022FAA /* Release */,
			);
			defaultConfigurationIsVisible = 0;
			defaultConfigurationName = Release;
		};
		D9D2C3711CF60D4A00022FAA /* Build configuration list for PBXNativeTarget "Tapper" */ = {
			isa = XCConfigurationList;
			buildConfigurations = (
				D9D2C3721CF60D4A00022FAA /* Debug */,
				D9D2C3731CF60D4A00022FAA /* Release */,
			);
			defaultConfigurationIsVisible = 0;
		};
/* End XCConfigurationList section */
	};
	rootObject = D9D2C3571CF60D4A00022FAA /* Project object */;
}
